
Microsoft Visual Studio Solution File, Format Version 12.00
# Visual Studio Version 16
VisualStudioVersion = 16.0.35425.106
MinimumVisualStudioVersion = 10.0.40219.1
Project("{FAE04EC0-301F-11D3-BF4B-00C04F79EFBC}") = "CloseJapaneseInputHelper", "CloseJapaneseInputHelper\CloseJapaneseInputHelper.csproj", "{7C6FF2DF-905B-41C3-932C-2B1E7C1982BA}"
EndProject
Global
	GlobalSection(SolutionConfigurationPlatforms) = preSolution
		Debug|Any CPU = Debug|Any CPU
		Release|Any CPU = Release|Any CPU
	EndGlobalSection
	GlobalSection(ProjectConfigurationPlatforms) = postSolution
		{7C6FF2DF-905B-41C3-932C-2B1E7C1982BA}.Debug|Any CPU.ActiveCfg = Debug|Any CPU
		{7C6FF2DF-905B-41C3-932C-2B1E7C1982BA}.Debug|Any CPU.Build.0 = Debug|Any CPU
		{7C6FF2DF-905B-41C3-932C-2B1E7C1982BA}.Release|Any CPU.ActiveCfg = Release|Any CPU
		{7C6FF2DF-905B-41C3-932C-2B1E7C1982BA}.Release|Any CPU.Build.0 = Release|Any CPU
	EndGlobalSection
	GlobalSection(SolutionProperties) = preSolution
		HideSolutionNode = FALSE
	EndGlobalSection
	GlobalSection(ExtensibilityGlobals) = postSolution
		SolutionGuid = {63E3DEC0-3CA4-4A19-A877-80ED0A9D0C99}
	EndGlobalSection
EndGlobal
